
Microsoft Visual Studio Solution File, Format Version 12.00
# Visual Studio Version 17
VisualStudioVersion = 17.0.31919.166
MinimumVisualStudioVersion = 10.0.40219.1
Project("{FAE04EC0-301F-11D3-BF4B-00C04F79EFBC}") = "EmuMovies", "EmuMovies\EmuMovies.csproj", "{F6BEC956-91A9-4EC5-B670-1BF78B3BCDF3}"
EndProject
Global
	GlobalSection(SolutionConfigurationPlatforms) = preSolution
		Debug|Any CPU = Debug|Any CPU
		Release|Any CPU = Release|Any CPU
	EndGlobalSection
	GlobalSection(ProjectConfigurationPlatforms) = postSolution
		{F6BEC956-91A9-4EC5-B670-1BF78B3BCDF3}.Debug|Any CPU.ActiveCfg = Debug|Any CPU
		{F6BEC956-91A9-4EC5-B670-1BF78B3BCDF3}.Debug|Any CPU.Build.0 = Debug|Any CPU
		{F6BEC956-91A9-4EC5-B670-1BF78B3BCDF3}.Release|Any CPU.ActiveCfg = Release|Any CPU
		{F6BEC956-91A9-4EC5-B670-1BF78B3BCDF3}.Release|Any CPU.Build.0 = Release|Any CPU
	EndGlobalSection
	GlobalSection(SolutionProperties) = preSolution
		HideSolutionNode = FALSE
	EndGlobalSection
	GlobalSection(ExtensibilityGlobals) = postSolution
		SolutionGuid = {210638EC-679D-4027-917F-686F3A829077}
	EndGlobalSection
EndGlobal
